// !$*UTF8*$!
{
	archiveVersion = 1;
	classes = {
	};
	objectVersion = 77;
	objects = {

/* Begin PBXBuildFile section */
		03C9334135B9F2AF39BC2EB2 /* FileWatcher.swift in Sources */ = {isa = PBXBuildFile; fileRef = 7218FFFEAABC5D0B0C8D8153 /* FileWatcher.swift */; };
		3444352E8033B4215E3404F5 /* Assets.xcassets in Resources */ = {isa = PBXBuildFile; fileRef = B6A590055141CF8B77FDD1F6 /* Assets.xcassets */; };
		590748A3B90D5A0711445791 /* DocumentStore.swift in Sources */ = {isa = PBXBuildFile; fileRef = 2FBA6A087EF1EBC10859516A /* DocumentStore.swift */; };
		92254EB21DBC124953C54FCD /* MarkmerApp.swift in Sources */ = {isa = PBXBuildFile; fileRef = 33845E37C0F577C95FD87F10 /* MarkmerApp.swift */; };
		A4046E4A19A4799768003542 /* MarkdownWebView.swift in Sources */ = {isa = PBXBuildFile; fileRef = BD264DC320C9E8D50DB980E8 /* MarkdownWebView.swift */; };
		D796C28FA039F4C91556D712 /* ContentView.swift in Sources */ = {isa = PBXBuildFile; fileRef = D6B80E69B53C0B3E4EDD1C78 /* ContentView.swift */; };
		FAD947993BF2987E26944BF0 /* Template.html in Resources */ = {isa = PBXBuildFile; fileRef = C063CC86B33EAA600D38C26C /* Template.html */; };
/* End PBXBuildFile section */

/* Begin PBXFileReference section */
		2FBA6A087EF1EBC10859516A /* DocumentStore.swift */ = {isa = PBXFileReference; lastKnownFileType = sourcecode.swift; path = DocumentStore.swift; sourceTree = "<group>"; };
		33845E37C0F577C95FD87F10 /* MarkmerApp.swift */ = {isa = PBXFileReference; lastKnownFileType = sourcecode.swift; path = MarkmerApp.swift; sourceTree = "<group>"; };
		7218FFFEAABC5D0B0C8D8153 /* FileWatcher.swift */ = {isa = PBXFileReference; lastKnownFileType = sourcecode.swift; path = FileWatcher.swift; sourceTree = "<group>"; };
		860C7B1C1CF73891F1953662 /* Markmer.app */ = {isa = PBXFileReference; explicitFileType = wrapper.application; includeInIndex = 0; path = Markmer.app; sourceTree = BUILT_PRODUCTS_DIR; };
		B6A590055141CF8B77FDD1F6 /* Assets.xcassets */ = {isa = PBXFileReference; lastKnownFileType = folder.assetcatalog; path = Assets.xcassets; sourceTree = "<group>"; };
		BD264DC320C9E8D50DB980E8 /* MarkdownWebView.swift */ = {isa = PBXFileReference; lastKnownFileType = sourcecode.swift; path = MarkdownWebView.swift; sourceTree = "<group>"; };
		C063CC86B33EAA600D38C26C /* Template.html */ = {isa = PBXFileReference; lastKnownFileType = text.html; path = Template.html; sourceTree = "<group>"; };
		D6B80E69B53C0B3E4EDD1C78 /* ContentView.swift */ = {isa = PBXFileReference; lastKnownFileType = sourcecode.swift; path = ContentView.swift; sourceTree = "<group>"; };
/* End PBXFileReference section */

/* Begin PBXGroup section */
		073B5C478DA484858DEAE4E3 = {
			isa = PBXGroup;
			children = (
				34627444D3EE83767550E4AF /* Markmer */,
				609E679FF95F47423BD5AA83 /* Products */,
			);
			sourceTree = "<group>";
		};
		34627444D3EE83767550E4AF /* Markmer */ = {
			isa = PBXGroup;
			children = (
				B6A590055141CF8B77FDD1F6 /* Assets.xcassets */,
				D6B80E69B53C0B3E4EDD1C78 /* ContentView.swift */,
				2FBA6A087EF1EBC10859516A /* DocumentStore.swift */,
				7218FFFEAABC5D0B0C8D8153 /* FileWatcher.swift */,
				BD264DC320C9E8D50DB980E8 /* MarkdownWebView.swift */,
				33845E37C0F577C95FD87F10 /* MarkmerApp.swift */,
				5FD3A07E88AAF0B4A487FDE5 /* Resources */,
			);
			path = Markmer;
			sourceTree = "<group>";
		};
		5FD3A07E88AAF0B4A487FDE5 /* Resources */ = {
			isa = PBXGroup;
			children = (
				C063CC86B33EAA600D38C26C /* Template.html */,
			);
			path = Resources;
			sourceTree = "<group>";
		};
		609E679FF95F47423BD5AA83 /* Products */ = {
			isa = PBXGroup;
			children = (
				860C7B1C1CF73891F1953662 /* Markmer.app */,
			);
			name = Products;
			sourceTree = "<group>";
		};
/* End PBXGroup section */

/* Begin PBXNativeTarget section */
		D62650582E674578C35F3D1D /* Markmer */ = {
			isa = PBXNativeTarget;
			buildConfigurationList = D633B922C78195A947664B86 /* Build configuration list for PBXNativeTarget "Markmer" */;
			buildPhases = (
				DCEF98412C1379EFFECD161D /* Sources */,
				5258C48C198784B826C4A8A3 /* Resources */,
			);
			buildRules = (
			);
			dependencies = (
			);
			name = Markmer;
			packageProductDependencies = (
			);
			productName = Markmer;
			productReference = 860C7B1C1CF73891F1953662 /* Markmer.app */;
			productType = "com.apple.product-type.application";
		};
/* End PBXNativeTarget section */

/* Begin PBXProject section */
		49FF4C316590D4EFDCAB154E /* Project object */ = {
			isa = PBXProject;
			attributes = {
				BuildIndependentTargetsInParallel = YES;
				LastUpgradeCheck = 1600;
				TargetAttributes = {
					D62650582E674578C35F3D1D = {
						ProvisioningStyle = Automatic;
					};
				};
			};
			buildConfigurationList = BEB4770A221E81384C0FC8DB /* Build configuration list for PBXProject "Markmer" */;
			developmentRegion = en;
			hasScannedForEncodings = 0;
			knownRegions = (
				Base,
				en,
			);
			mainGroup = 073B5C478DA484858DEAE4E3;
			minimizedProjectReferenceProxies = 1;
			preferredProjectObjectVersion = 77;
			productRefGroup = 609E679FF95F47423BD5AA83 /* Products */;
			projectDirPath = "";
			projectRoot = "";
			targets = (
				D62650582E674578C35F3D1D /* Markmer */,
			);
		};
/* End PBXProject section */

/* Begin PBXResourcesBuildPhase section */
		5258C48C198784B826C4A8A3 /* Resources */ = {
			isa = PBXResourcesBuildPhase;
			buildActionMask = 2147483647;
			files = (
				3444352E8033B4215E3404F5 /* Assets.xcassets in Resources */,
				FAD947993BF2987E26944BF0 /* Template.html in Resources */,
			);
			runOnlyForDeploymentPostprocessing = 0;
		};
/* End PBXResourcesBuildPhase section */

/* Begin PBXSourcesBuildPhase section */
		DCEF98412C1379EFFECD161D /* Sources */ = {
			isa = PBXSourcesBuildPhase;
			buildActionMask = 2147483647;
			files = (
				D796C28FA039F4C91556D712 /* ContentView.swift in Sources */,
				590748A3B90D5A0711445791 /* DocumentStore.swift in Sources */,
				03C9334135B9F2AF39BC2EB2 /* FileWatcher.swift in Sources */,
				A4046E4A19A4799768003542 /* MarkdownWebView.swift in Sources */,
				92254EB21DBC124953C54FCD /* MarkmerApp.swift in Sources */,
			);
			runOnlyForDeploymentPostprocessing = 0;
		};
/* End PBXSourcesBuildPhase section */

/* Begin XCBuildConfiguration section */
		671346655964EE3A383F9CAC /* Debug */ = {
			isa = XCBuildConfiguration;
			buildSettings = {
				ASSETCATALOG_COMPILER_APPICON_NAME = AppIcon;
				ASSETCATALOG_COMPILER_GLOBAL_ACCENT_COLOR_NAME = AccentColor;
				COMBINE_HIDPI_IMAGES = YES;
				ENABLE_PREVIEWS = YES;
				GENERATE_INFOPLIST_FILE = NO;
				INFOPLIST_FILE = Markmer/Info.plist;
				LD_RUNPATH_SEARCH_PATHS = (
					"$(inherited)",
					"@executable_path/../Frameworks",
				);
				PRODUCT_BUNDLE_IDENTIFIER = com.markmer.app;
				SDKROOT = macosx;
				SWIFT_EMIT_LOC_STRINGS = YES;
			};
			name = Debug;
		};
		92423D0C250EC660DF8EA7C8 /* Release */ = {
			isa = XCBuildConfiguration;
			buildSettings = {
				ALWAYS_SEARCH_USER_PATHS = NO;
				CLANG_ANALYZER_NONNULL = YES;
				CLANG_ANALYZER_NUMBER_OBJECT_CONVERSION = YES_AGGRESSIVE;
				CLANG_CXX_LANGUAGE_STANDARD = "gnu++14";
				CLANG_CXX_LIBRARY = "libc++";
				CLANG_ENABLE_MODULES = YES;
				CLANG_ENABLE_OBJC_ARC = YES;
				CLANG_ENABLE_OBJC_WEAK = YES;
				CLANG_WARN_BLOCK_CAPTURE_AUTORELEASING = YES;
				CLANG_WARN_BOOL_CONVERSION = YES;
				CLANG_WARN_COMMA = YES;
				CLANG_WARN_CONSTANT_CONVERSION = YES;
				CLANG_WARN_DEPRECATED_OBJC_IMPLEMENTATIONS = YES;
				CLANG_WARN_DIRECT_OBJC_ISA_USAGE = YES_ERROR;
				CLANG_WARN_DOCUMENTATION_COMMENTS = YES;
				CLANG_WARN_EMPTY_BODY = YES;
				CLANG_WARN_ENUM_CONVERSION = YES;
				CLANG_WARN_INFINITE_RECURSION = YES;
				CLANG_WARN_INT_CONVERSION = YES;
				CLANG_WARN_NON_LITERAL_NULL_CONVERSION = YES;
				CLANG_WARN_OBJC_IMPLICIT_RETAIN_SELF = YES;
				CLANG_WARN_OBJC_LITERAL_CONVERSION = YES;
				CLANG_WARN_OBJC_ROOT_CLASS = YES_ERROR;
				CLANG_WARN_QUOTED_INCLUDE_IN_FRAMEWORK_HEADER = YES;
				CLANG_WARN_RANGE_LOOP_ANALYSIS = YES;
				CLANG_WARN_STRICT_PROTOTYPES = YES;
				CLANG_WARN_SUSPICIOUS_MOVE = YES;
				CLANG_WARN_UNGUARDED_AVAILABILITY = YES_AGGRESSIVE;
				CLANG_WARN_UNREACHABLE_CODE = YES;
				CLANG_WARN__DUPLICATE_METHOD_MATCH = YES;
				CODE_SIGN_IDENTITY = "-";
				CODE_SIGN_STYLE = Automatic;
				COPY_PHASE_STRIP = NO;
				CURRENT_PROJECT_VERSION = 1;
				DEBUG_INFORMATION_FORMAT = "dwarf-with-dsym";
				ENABLE_HARDENED_RUNTIME = YES;
				ENABLE_NS_ASSERTIONS = NO;
				ENABLE_STRICT_OBJC_MSGSEND = YES;
				ENABLE_USER_SCRIPT_SANDBOXING = YES;
				GCC_C_LANGUAGE_STANDARD = gnu11;
				GCC_NO_COMMON_BLOCKS = YES;
				GCC_WARN_64_TO_32_BIT_CONVERSION = YES;
				GCC_WARN_ABOUT_RETURN_TYPE = YES_ERROR;
				GCC_WARN_UNDECLARED_SELECTOR = YES;
				GCC_WARN_UNINITIALIZED_AUTOS = YES_AGGRESSIVE;
				GCC_WARN_UNUSED_FUNCTION = YES;
				GCC_WARN_UNUSED_VARIABLE = YES;
				MACOSX_DEPLOYMENT_TARGET = 14.0;
				MARKETING_VERSION = 1.0.0;
				MTL_ENABLE_DEBUG_INFO = NO;
				MTL_FAST_MATH = YES;
				PRODUCT_NAME = "$(TARGET_NAME)";
				SDKROOT = macosx;
				SWIFT_COMPILATION_MODE = wholemodule;
				SWIFT_OPTIMIZATION_LEVEL = "-O";
				SWIFT_STRICT_CONCURRENCY = minimal;
				SWIFT_VERSION = 5.0;
			};
			name = Release;
		};
		CD97C405E1F267538E8EF195 /* Debug */ = {
			isa = XCBuildConfiguration;
			buildSettings = {
				ALWAYS_SEARCH_USER_PATHS = NO;
				CLANG_ANALYZER_NONNULL = YES;
				CLANG_ANALYZER_NUMBER_OBJECT_CONVERSION = YES_AGGRESSIVE;
				CLANG_CXX_LANGUAGE_STANDARD = "gnu++14";
				CLANG_CXX_LIBRARY = "libc++";
				CLANG_ENABLE_MODULES = YES;
				CLANG_ENABLE_OBJC_ARC = YES;
				CLANG_ENABLE_OBJC_WEAK = YES;
				CLANG_WARN_BLOCK_CAPTURE_AUTORELEASING = YES;
				CLANG_WARN_BOOL_CONVERSION = YES;
				CLANG_WARN_COMMA = YES;
				CLANG_WARN_CONSTANT_CONVERSION = YES;
				CLANG_WARN_DEPRECATED_OBJC_IMPLEMENTATIONS = YES;
				CLANG_WARN_DIRECT_OBJC_ISA_USAGE = YES_ERROR;
				CLANG_WARN_DOCUMENTATION_COMMENTS = YES;
				CLANG_WARN_EMPTY_BODY = YES;
				CLANG_WARN_ENUM_CONVERSION = YES;
				CLANG_WARN_INFINITE_RECURSION = YES;
				CLANG_WARN_INT_CONVERSION = YES;
				CLANG_WARN_NON_LITERAL_NULL_CONVERSION = YES;
				CLANG_WARN_OBJC_IMPLICIT_RETAIN_SELF = YES;
				CLANG_WARN_OBJC_LITERAL_CONVERSION = YES;
				CLANG_WARN_OBJC_ROOT_CLASS = YES_ERROR;
				CLANG_WARN_QUOTED_INCLUDE_IN_FRAMEWORK_HEADER = YES;
				CLANG_WARN_RANGE_LOOP_ANALYSIS = YES;
				CLANG_WARN_STRICT_PROTOTYPES = YES;
				CLANG_WARN_SUSPICIOUS_MOVE = YES;
				CLANG_WARN_UNGUARDED_AVAILABILITY = YES_AGGRESSIVE;
				CLANG_WARN_UNREACHABLE_CODE = YES;
				CLANG_WARN__DUPLICATE_METHOD_MATCH = YES;
				CODE_SIGN_IDENTITY = "-";
				CODE_SIGN_STYLE = Automatic;
				COPY_PHASE_STRIP = NO;
				CURRENT_PROJECT_VERSION = 1;
				DEBUG_INFORMATION_FORMAT = dwarf;
				ENABLE_HARDENED_RUNTIME = YES;
				ENABLE_STRICT_OBJC_MSGSEND = YES;
				ENABLE_TESTABILITY = YES;
				ENABLE_USER_SCRIPT_SANDBOXING = YES;
				GCC_C_LANGUAGE_STANDARD = gnu11;
				GCC_DYNAMIC_NO_PIC = NO;
				GCC_NO_COMMON_BLOCKS = YES;
				GCC_OPTIMIZATION_LEVEL = 0;
				GCC_PREPROCESSOR_DEFINITIONS = (
					"$(inherited)",
					"DEBUG=1",
				);
				GCC_WARN_64_TO_32_BIT_CONVERSION = YES;
				GCC_WARN_ABOUT_RETURN_TYPE = YES_ERROR;
				GCC_WARN_UNDECLARED_SELECTOR = YES;
				GCC_WARN_UNINITIALIZED_AUTOS = YES_AGGRESSIVE;
				GCC_WARN_UNUSED_FUNCTION = YES;
				GCC_WARN_UNUSED_VARIABLE = YES;
				MACOSX_DEPLOYMENT_TARGET = 14.0;
				MARKETING_VERSION = 1.0.0;
				MTL_ENABLE_DEBUG_INFO = INCLUDE_SOURCE;
				MTL_FAST_MATH = YES;
				ONLY_ACTIVE_ARCH = YES;
				PRODUCT_NAME = "$(TARGET_NAME)";
				SDKROOT = macosx;
				SWIFT_ACTIVE_COMPILATION_CONDITIONS = DEBUG;
				SWIFT_OPTIMIZATION_LEVEL = "-Onone";
				SWIFT_STRICT_CONCURRENCY = minimal;
				SWIFT_VERSION = 5.0;
			};
			name = Debug;
		};
		EAD650FEAC77E42D80B48985 /* Release */ = {
			isa = XCBuildConfiguration;
			buildSettings = {
				ASSETCATALOG_COMPILER_APPICON_NAME = AppIcon;
				ASSETCATALOG_COMPILER_GLOBAL_ACCENT_COLOR_NAME = AccentColor;
				COMBINE_HIDPI_IMAGES = YES;
				ENABLE_PREVIEWS = YES;
				GENERATE_INFOPLIST_FILE = NO;
				INFOPLIST_FILE = Markmer/Info.plist;
				LD_RUNPATH_SEARCH_PATHS = (
					"$(inherited)",
					"@executable_path/../Frameworks",
				);
				PRODUCT_BUNDLE_IDENTIFIER = com.markmer.app;
				SDKROOT = macosx;
				SWIFT_EMIT_LOC_STRINGS = YES;
			};
			name = Release;
		};
/* End XCBuildConfiguration section */

/* Begin XCConfigurationList section */
		BEB4770A221E81384C0FC8DB /* Build configuration list for PBXProject "Markmer" */ = {
			isa = XCConfigurationList;
			buildConfigurations = (
				CD97C405E1F267538E8EF195 /* Debug */,
				92423D0C250EC660DF8EA7C8 /* Release */,
			);
			defaultConfigurationIsVisible = 0;
			defaultConfigurationName = Debug;
		};
		D633B922C78195A947664B86 /* Build configuration list for PBXNativeTarget "Markmer" */ = {
			isa = XCConfigurationList;
			buildConfigurations = (
				671346655964EE3A383F9CAC /* Debug */,
				EAD650FEAC77E42D80B48985 /* Release */,
			);
			defaultConfigurationIsVisible = 0;
			defaultConfigurationName = Debug;
		};
/* End XCConfigurationList section */
	};
	rootObject = 49FF4C316590D4EFDCAB154E /* Project object */;
}
